
Microsoft Visual Studio Solution File, Format Version 12.00
# Visual Studio Version 17
VisualStudioVersion = 17.14.36511.14 d17.14
MinimumVisualStudioVersion = 10.0.40219.1
Project("{FAE04EC0-301F-11D3-BF4B-00C04F79EFBC}") = "Class-06--Menu strip", "Class-06--Menu strip\Class-06--Menu strip.csproj", "{56DC9ED6-D96B-485A-ABB8-41A8D2B8E296}"
EndProject
Global
	GlobalSection(SolutionConfigurationPlatforms) = preSolution
		Debug|Any CPU = Debug|Any CPU
		Release|Any CPU = Release|Any CPU
	EndGlobalSection
	GlobalSection(ProjectConfigurationPlatforms) = postSolution
		{56DC9ED6-D96B-485A-ABB8-41A8D2B8E296}.Debug|Any CPU.ActiveCfg = Debug|Any CPU
		{56DC9ED6-D96B-485A-ABB8-41A8D2B8E296}.Debug|Any CPU.Build.0 = Debug|Any CPU
		{56DC9ED6-D96B-485A-ABB8-41A8D2B8E296}.Release|Any CPU.ActiveCfg = Release|Any CPU
		{56DC9ED6-D96B-485A-ABB8-41A8D2B8E296}.Release|Any CPU.Build.0 = Release|Any CPU
	EndGlobalSection
	GlobalSection(SolutionProperties) = preSolution
		HideSolutionNode = FALSE
	EndGlobalSection
	GlobalSection(ExtensibilityGlobals) = postSolution
		SolutionGuid = {05474292-9EF6-4C3E-8519-AACCF5D85015}
	EndGlobalSection
EndGlobal
