
Microsoft Visual Studio Solution File, Format Version 12.00
# Visual Studio Version 17
VisualStudioVersion = 17.14.36511.14 d17.14
MinimumVisualStudioVersion = 10.0.40219.1
Project("{FAE04EC0-301F-11D3-BF4B-00C04F79EFBC}") = "Class-03--Calculator work", "Class-03--Calculator work\Class-03--Calculator work.csproj", "{DC8FDE85-EFE3-407B-8EDB-AAB6D9EB2F32}"
EndProject
Global
	GlobalSection(SolutionConfigurationPlatforms) = preSolution
		Debug|Any CPU = Debug|Any CPU
		Release|Any CPU = Release|Any CPU
	EndGlobalSection
	GlobalSection(ProjectConfigurationPlatforms) = postSolution
		{DC8FDE85-EFE3-407B-8EDB-AAB6D9EB2F32}.Debug|Any CPU.ActiveCfg = Debug|Any CPU
		{DC8FDE85-EFE3-407B-8EDB-AAB6D9EB2F32}.Debug|Any CPU.Build.0 = Debug|Any CPU
		{DC8FDE85-EFE3-407B-8EDB-AAB6D9EB2F32}.Release|Any CPU.ActiveCfg = Release|Any CPU
		{DC8FDE85-EFE3-407B-8EDB-AAB6D9EB2F32}.Release|Any CPU.Build.0 = Release|Any CPU
	EndGlobalSection
	GlobalSection(SolutionProperties) = preSolution
		HideSolutionNode = FALSE
	EndGlobalSection
	GlobalSection(ExtensibilityGlobals) = postSolution
		SolutionGuid = {8F6501A8-911A-4960-A78F-D7906564DFF3}
	EndGlobalSection
EndGlobal
